---
ID: "cdacc7eb-9d6d-4eb1-be26-be3eaad204e0"
Parent: "a3290914-7075-4e40-acab-0bf9dea8cfcb"
Template: "f1828a2c-7e5d-4bbd-98ca-320474871548"
Path: /sitecore/media library/Feature/Header/Header Navigation/lock
SharedFields:
- ID: "06d5295c-ed2f-4a54-9bf2-26228d113318"
  Hint: __Icon
  Value: "-/media/CDACC7EB9D6D4EB1BE26BE3EAAD204E0.ashx?h=16&thn=1&w=16"
- ID: "40e50ed9-ba07-4702-992e-a912738d32dc"
  Hint: Blob
  BlobID: "2ab38f5e-fd89-493a-a8a0-9f2bb4d39b0c"
  Value: PHN2ZyB3aWR0aD0iMTAwIiBoZWlnaHQ9IjEwMCIgdmlld0JveD0iMCAwIDEwMCAxMDAiIGZpbGw9Im5vbmUiIHhtbG5zPSJodHRwOi8vd3d3LnczLm9yZy8yMDAwL3N2ZyI+CjxwYXRoIGQ9Ik0zOS41NjM5IDMwLjg5NjhMMzkuNTY0NiAzMC44MTE4QzM5LjU2NDYgMjUuMjU4OSA0NC4wODI0IDIwLjc0MDcgNDkuNjM1NyAyMC43NDA3QzU1LjE4MDcgMjAuNzQwNyA1OS42OTQyIDI1LjI0NjQgNTkuNzA2NyAzMC43ODg4TDU5LjY0NDcgMzUuNzIxSDM5LjQ1OUwzOS41NjM5IDMwLjg5NjhaTTY3LjUwMzYgMzAuODYwOUw2Ny41MDQgMzAuODExOEM2Ny41MDQgMjAuOTU5MSA1OS40ODggMTIuOTQzNCA0OS42MzU3IDEyLjk0MzRDMzkuNzk3OCAxMi45NDM0IDMxLjc5MTUgMjAuOTM1MyAzMS43NjczIDMwLjc2NzNMMzEuNjU5NyAzNS43MjFIMjRWODdINjMuMTc3Nkw3NS4yNjQzIDc1LjgwODlWMzUuNzIxSDY3LjQ0MjRMNjcuNTAzNiAzMC44NjA5WiIgZmlsbD0iYmxhY2siLz4KPC9zdmc+Cg==
- ID: "6954b7c7-2487-423f-8600-436cb3b6dc0e"
  Hint: Size
  Value: 502
- ID: "6f47a0a5-9c94-4b48-abeb-42d38def6054"
  Hint: Mime Type
  Value: image/svg+xml
- ID: "c06867fe-9a43-4c7d-b739-48780492d06f"
  Hint: Extension
  Value: svg
Languages:
- Language: en
  Versions:
  - Version: 1
    Fields:
    - ID: "25bed78c-4957-4165-998a-ca1b52f67497"
      Hint: __Created
      Value: 20230428T175131Z
    - ID: "52807595-0f8f-4b20-8d2a-cb71d28c6103"
      Hint: __Owner
      Value: |
        sitecore\Admin
    - ID: "5dd74568-4d4b-44c1-b513-0af5f4cda34f"
      Hint: __Created by
      Value: |
        sitecore\Admin
    - ID: "65885c44-8fcd-4a7f-94f1-ee63703fe193"
      Hint: Alt
      Value: lock icon
    - ID: "8cdc337e-a112-42fb-bbb4-4143751e123f"
      Hint: __Revision
      Value: "5ff9665c-fcfe-4b77-9b67-1d4121f54b0a"
    - ID: "badd9cf9-53e0-4d0c-bcc0-2d784c282f6a"
      Hint: __Updated by
      Value: |
        sitecore\Admin
    - ID: "d9cf14b1-fa16-4ba6-9288-e8a174d4d522"
      Hint: __Updated
      Value: 20230428T175216Z
